
Microsoft Visual Studio Solution File, Format Version 9.00
# Visual Studio 2005
Project("{FAE04EC0-301F-11D3-BF4B-00C04F79EFBC}") = "NasaTvScheduleImport", "NasaTvSchedule\NasaTvScheduleImport.csproj", "{5D9B9505-6D5A-4963-A7D4-1BAAB5DB70B5}"
	ProjectSection(ProjectDependencies) = postProject
		{5637BCC0-5B21-4A69-8381-115598FD6D19} = {5637BCC0-5B21-4A69-8381-115598FD6D19}
		{CD8C7043-036E-435E-A974-06C30C0489D7} = {CD8C7043-036E-435E-A974-06C30C0489D7}
	EndProjectSection
EndProject
Project("{FAE04EC0-301F-11D3-BF4B-00C04F79EFBC}") = "TimeZoneInfo", "TimeZoneInfo\TimeZoneInfo.csproj", "{CD8C7043-036E-435E-A974-06C30C0489D7}"
EndProject
Project("{2150E333-8FDC-42A3-9474-1A3956D46DE8}") = "Solution Items", "Solution Items", "{CB647633-B5B0-45DA-A4F4-FC6E6608E06A}"
	ProjectSection(SolutionItems) = preProject
		NasaStsTvSchedule.ad = NasaStsTvSchedule.ad
		NasaStsTvSchedule.sd = NasaStsTvSchedule.sd
		NasaStsTvSchedule.vsd = NasaStsTvSchedule.vsd
	EndProjectSection
EndProject
Project("{FAE04EC0-301F-11D3-BF4B-00C04F79EFBC}") = "NasaStsTvScheduleReader", "NasaStsTvScheduleReader\NasaStsTvScheduleReader.csproj", "{5637BCC0-5B21-4A69-8381-115598FD6D19}"
EndProject
Global
	GlobalSection(SourceCodeControl) = preSolution
		SccNumberOfProjects = 4
		SccLocalPath0 = .
		SccProjectUniqueName1 = NasaTvSchedule\\NasaTvScheduleImport.csproj
		SccLocalPath1 = .
		SccProjectFilePathRelativizedFromConnection1 = NasaTvSchedule\\
		SccProjectUniqueName2 = TimeZoneInfo\\TimeZoneInfo.csproj
		SccLocalPath2 = .
		SccProjectFilePathRelativizedFromConnection2 = TimeZoneInfo\\
		SccProjectUniqueName3 = NasaStsTvScheduleReader\\NasaStsTvScheduleReader.csproj
		SccProjectName3 = \u0022$/NasaTvSchedule.root/NasaTvSchedule/NasaStsTvScheduleReader\u0022,\u0020QHAAAAAA
		SccLocalPath3 = NasaStsTvScheduleReader
	EndGlobalSection
	GlobalSection(SolutionConfigurationPlatforms) = preSolution
		Debug|Any CPU = Debug|Any CPU
		Release|Any CPU = Release|Any CPU
	EndGlobalSection
	GlobalSection(ProjectConfigurationPlatforms) = postSolution
		{5D9B9505-6D5A-4963-A7D4-1BAAB5DB70B5}.Debug|Any CPU.ActiveCfg = Debug|Any CPU
		{5D9B9505-6D5A-4963-A7D4-1BAAB5DB70B5}.Debug|Any CPU.Build.0 = Debug|Any CPU
		{5D9B9505-6D5A-4963-A7D4-1BAAB5DB70B5}.Release|Any CPU.ActiveCfg = Release|Any CPU
		{5D9B9505-6D5A-4963-A7D4-1BAAB5DB70B5}.Release|Any CPU.Build.0 = Release|Any CPU
		{CD8C7043-036E-435E-A974-06C30C0489D7}.Debug|Any CPU.ActiveCfg = Debug|Any CPU
		{CD8C7043-036E-435E-A974-06C30C0489D7}.Debug|Any CPU.Build.0 = Debug|Any CPU
		{CD8C7043-036E-435E-A974-06C30C0489D7}.Release|Any CPU.ActiveCfg = Release|Any CPU
		{CD8C7043-036E-435E-A974-06C30C0489D7}.Release|Any CPU.Build.0 = Release|Any CPU
		{5637BCC0-5B21-4A69-8381-115598FD6D19}.Debug|Any CPU.ActiveCfg = Debug|Any CPU
		{5637BCC0-5B21-4A69-8381-115598FD6D19}.Debug|Any CPU.Build.0 = Debug|Any CPU
		{5637BCC0-5B21-4A69-8381-115598FD6D19}.Release|Any CPU.ActiveCfg = Release|Any CPU
		{5637BCC0-5B21-4A69-8381-115598FD6D19}.Release|Any CPU.Build.0 = Release|Any CPU
	EndGlobalSection
	GlobalSection(SolutionProperties) = preSolution
		HideSolutionNode = FALSE
	EndGlobalSection
EndGlobal
